
Microsoft Visual Studio Solution File, Format Version 12.00
# Visual Studio Version 17
VisualStudioVersion = 17.0.31903.59
MinimumVisualStudioVersion = 10.0.40219.1
Project("{2150E333-8FDC-42A3-9474-1A3956D46DE8}") = "projetos", "projetos", "{1CE6A054-005F-4957-BBBC-A42A11A9BD1F}"
EndProject
Project("{FAE04EC0-301F-11D3-BF4B-00C04F79EFBC}") = "domain", "projetos\domain\domain.csproj", "{9DEAC398-848A-48D9-8CC7-0631A9CBEF6E}"
EndProject
Global
	GlobalSection(SolutionConfigurationPlatforms) = preSolution
		Debug|Any CPU = Debug|Any CPU
		Release|Any CPU = Release|Any CPU
	EndGlobalSection
	GlobalSection(SolutionProperties) = preSolution
		HideSolutionNode = FALSE
	EndGlobalSection
	GlobalSection(ProjectConfigurationPlatforms) = postSolution
		{9DEAC398-848A-48D9-8CC7-0631A9CBEF6E}.Debug|Any CPU.ActiveCfg = Debug|Any CPU
		{9DEAC398-848A-48D9-8CC7-0631A9CBEF6E}.Debug|Any CPU.Build.0 = Debug|Any CPU
		{9DEAC398-848A-48D9-8CC7-0631A9CBEF6E}.Release|Any CPU.ActiveCfg = Release|Any CPU
		{9DEAC398-848A-48D9-8CC7-0631A9CBEF6E}.Release|Any CPU.Build.0 = Release|Any CPU
	EndGlobalSection
	GlobalSection(NestedProjects) = preSolution
		{9DEAC398-848A-48D9-8CC7-0631A9CBEF6E} = {1CE6A054-005F-4957-BBBC-A42A11A9BD1F}
	EndGlobalSection
EndGlobal
