
Microsoft Visual Studio Solution File, Format Version 12.00
# Visual Studio Version 17
VisualStudioVersion = 17.0.31903.59
MinimumVisualStudioVersion = 10.0.40219.1
Project("{2150E333-8FDC-42A3-9474-1A3956D46DE8}") = "pastaProjetos", "pastaProjetos", "{ADE9B3A1-5402-4BAD-886D-BC6A08F770EB}"
EndProject
Project("{FAE04EC0-301F-11D3-BF4B-00C04F79EFBC}") = "Todo", "pastaProjetos\Todo\Todo.csproj", "{018FA709-1DC1-49A3-B6E0-49B5389D2A8C}"
EndProject
Project("{FAE04EC0-301F-11D3-BF4B-00C04F79EFBC}") = "Domain", "pastaProjetos\Domain\Domain.csproj", "{3967A8E9-2F5C-4020-B835-199737ACC2E7}"
EndProject
Global
	GlobalSection(SolutionConfigurationPlatforms) = preSolution
		Debug|Any CPU = Debug|Any CPU
		Release|Any CPU = Release|Any CPU
	EndGlobalSection
	GlobalSection(SolutionProperties) = preSolution
		HideSolutionNode = FALSE
	EndGlobalSection
	GlobalSection(ProjectConfigurationPlatforms) = postSolution
		{018FA709-1DC1-49A3-B6E0-49B5389D2A8C}.Debug|Any CPU.ActiveCfg = Debug|Any CPU
		{018FA709-1DC1-49A3-B6E0-49B5389D2A8C}.Debug|Any CPU.Build.0 = Debug|Any CPU
		{018FA709-1DC1-49A3-B6E0-49B5389D2A8C}.Release|Any CPU.ActiveCfg = Release|Any CPU
		{018FA709-1DC1-49A3-B6E0-49B5389D2A8C}.Release|Any CPU.Build.0 = Release|Any CPU
		{3967A8E9-2F5C-4020-B835-199737ACC2E7}.Debug|Any CPU.ActiveCfg = Debug|Any CPU
		{3967A8E9-2F5C-4020-B835-199737ACC2E7}.Debug|Any CPU.Build.0 = Debug|Any CPU
		{3967A8E9-2F5C-4020-B835-199737ACC2E7}.Release|Any CPU.ActiveCfg = Release|Any CPU
		{3967A8E9-2F5C-4020-B835-199737ACC2E7}.Release|Any CPU.Build.0 = Release|Any CPU
	EndGlobalSection
	GlobalSection(NestedProjects) = preSolution
		{018FA709-1DC1-49A3-B6E0-49B5389D2A8C} = {ADE9B3A1-5402-4BAD-886D-BC6A08F770EB}
		{3967A8E9-2F5C-4020-B835-199737ACC2E7} = {ADE9B3A1-5402-4BAD-886D-BC6A08F770EB}
	EndGlobalSection
EndGlobal
